
Microsoft Visual Studio Solution File, Format Version 11.00
# Visual Studio 2010
Project("{FAE04EC0-301F-11D3-BF4B-00C04F79EFBC}") = "GraphKinectDLL", "GraphKinectDLL.csproj", "{B6EBF357-20AC-4836-8E22-3495DC2ADE9C}"
EndProject
Global
	GlobalSection(SolutionConfigurationPlatforms) = preSolution
		Debug|Any CPU = Debug|Any CPU
		Release|Any CPU = Release|Any CPU
	EndGlobalSection
	GlobalSection(ProjectConfigurationPlatforms) = postSolution
		{B6EBF357-20AC-4836-8E22-3495DC2ADE9C}.Debug|Any CPU.ActiveCfg = Debug|Any CPU
		{B6EBF357-20AC-4836-8E22-3495DC2ADE9C}.Debug|Any CPU.Build.0 = Debug|Any CPU
		{B6EBF357-20AC-4836-8E22-3495DC2ADE9C}.Release|Any CPU.ActiveCfg = Release|Any CPU
		{B6EBF357-20AC-4836-8E22-3495DC2ADE9C}.Release|Any CPU.Build.0 = Release|Any CPU
	EndGlobalSection
	GlobalSection(SolutionProperties) = preSolution
		HideSolutionNode = FALSE
	EndGlobalSection
EndGlobal
